
Microsoft Visual Studio Solution File, Format Version 12.00
# Visual Studio Version 16
VisualStudioVersion = 16.0.31911.196
MinimumVisualStudioVersion = 10.0.40219.1
Project("{FAE04EC0-301F-11D3-BF4B-00C04F79EFBC}") = "SocialNetworkDB", "SocialNetworkDB\SocialNetworkDB.csproj", "{9893D7BA-07DB-48B6-88D2-97C4759B9688}"
EndProject
Project("{FAE04EC0-301F-11D3-BF4B-00C04F79EFBC}") = "DTO", "DTO\DTO.csproj", "{50D98F56-E840-4492-BAF2-58F4CC2A135E}"
EndProject
Project("{FAE04EC0-301F-11D3-BF4B-00C04F79EFBC}") = "AppDependencies", "AppDependencies\AppDependencies.csproj", "{07A048CD-5BCC-4918-9E27-B453C9846605}"
EndProject
Project("{FAE04EC0-301F-11D3-BF4B-00C04F79EFBC}") = "DAL", "DAL\DAL.csproj", "{9CC88ACA-F149-4A06-A085-6420A714407B}"
EndProject
Project("{FAE04EC0-301F-11D3-BF4B-00C04F79EFBC}") = "BLL", "BLL\BLL.csproj", "{C0BD2AFF-50B1-49B6-BEB1-9BCF17075F65}"
EndProject
Project("{FAE04EC0-301F-11D3-BF4B-00C04F79EFBC}") = "WinForms", "WinForms\WinForms.csproj", "{376F9F98-92CF-4C9B-8942-FC0049AD0E92}"
EndProject
Project("{FAE04EC0-301F-11D3-BF4B-00C04F79EFBC}") = "DAL.Cache", "DAL.Cache\DAL.Cache.csproj", "{58BE3847-BC52-4F87-A63B-659E8D05EEA7}"
EndProject
Project("{FAE04EC0-301F-11D3-BF4B-00C04F79EFBC}") = "LOG", "LOG\LOG.csproj", "{1A51FCD8-6756-47FA-9730-4B4A6A848C37}"
EndProject
Project("{FAE04EC0-301F-11D3-BF4B-00C04F79EFBC}") = "DTO.Neo4j", "DTO.Neo4j\DTO.Neo4j.csproj", "{21B13D8D-00D0-4FCA-9A52-A8D7D9C6128A}"
EndProject
Project("{FAE04EC0-301F-11D3-BF4B-00C04F79EFBC}") = "DAL.Neo4j", "DAL.Neo4j\DAL.Neo4j.csproj", "{7941C896-E454-4610-9F68-4B84CBB3BB25}"
EndProject
Global
	GlobalSection(SolutionConfigurationPlatforms) = preSolution
		Debug|Any CPU = Debug|Any CPU
		Release|Any CPU = Release|Any CPU
	EndGlobalSection
	GlobalSection(ProjectConfigurationPlatforms) = postSolution
		{9893D7BA-07DB-48B6-88D2-97C4759B9688}.Debug|Any CPU.ActiveCfg = Debug|Any CPU
		{9893D7BA-07DB-48B6-88D2-97C4759B9688}.Debug|Any CPU.Build.0 = Debug|Any CPU
		{9893D7BA-07DB-48B6-88D2-97C4759B9688}.Release|Any CPU.ActiveCfg = Release|Any CPU
		{9893D7BA-07DB-48B6-88D2-97C4759B9688}.Release|Any CPU.Build.0 = Release|Any CPU
		{50D98F56-E840-4492-BAF2-58F4CC2A135E}.Debug|Any CPU.ActiveCfg = Debug|Any CPU
		{50D98F56-E840-4492-BAF2-58F4CC2A135E}.Debug|Any CPU.Build.0 = Debug|Any CPU
		{50D98F56-E840-4492-BAF2-58F4CC2A135E}.Release|Any CPU.ActiveCfg = Release|Any CPU
		{50D98F56-E840-4492-BAF2-58F4CC2A135E}.Release|Any CPU.Build.0 = Release|Any CPU
		{07A048CD-5BCC-4918-9E27-B453C9846605}.Debug|Any CPU.ActiveCfg = Debug|Any CPU
		{07A048CD-5BCC-4918-9E27-B453C9846605}.Debug|Any CPU.Build.0 = Debug|Any CPU
		{07A048CD-5BCC-4918-9E27-B453C9846605}.Release|Any CPU.ActiveCfg = Release|Any CPU
		{07A048CD-5BCC-4918-9E27-B453C9846605}.Release|Any CPU.Build.0 = Release|Any CPU
		{9CC88ACA-F149-4A06-A085-6420A714407B}.Debug|Any CPU.ActiveCfg = Debug|Any CPU
		{9CC88ACA-F149-4A06-A085-6420A714407B}.Debug|Any CPU.Build.0 = Debug|Any CPU
		{9CC88ACA-F149-4A06-A085-6420A714407B}.Release|Any CPU.ActiveCfg = Release|Any CPU
		{9CC88ACA-F149-4A06-A085-6420A714407B}.Release|Any CPU.Build.0 = Release|Any CPU
		{C0BD2AFF-50B1-49B6-BEB1-9BCF17075F65}.Debug|Any CPU.ActiveCfg = Debug|Any CPU
		{C0BD2AFF-50B1-49B6-BEB1-9BCF17075F65}.Debug|Any CPU.Build.0 = Debug|Any CPU
		{C0BD2AFF-50B1-49B6-BEB1-9BCF17075F65}.Release|Any CPU.ActiveCfg = Release|Any CPU
		{C0BD2AFF-50B1-49B6-BEB1-9BCF17075F65}.Release|Any CPU.Build.0 = Release|Any CPU
		{376F9F98-92CF-4C9B-8942-FC0049AD0E92}.Debug|Any CPU.ActiveCfg = Debug|Any CPU
		{376F9F98-92CF-4C9B-8942-FC0049AD0E92}.Debug|Any CPU.Build.0 = Debug|Any CPU
		{376F9F98-92CF-4C9B-8942-FC0049AD0E92}.Release|Any CPU.ActiveCfg = Release|Any CPU
		{376F9F98-92CF-4C9B-8942-FC0049AD0E92}.Release|Any CPU.Build.0 = Release|Any CPU
		{58BE3847-BC52-4F87-A63B-659E8D05EEA7}.Debug|Any CPU.ActiveCfg = Debug|Any CPU
		{58BE3847-BC52-4F87-A63B-659E8D05EEA7}.Debug|Any CPU.Build.0 = Debug|Any CPU
		{58BE3847-BC52-4F87-A63B-659E8D05EEA7}.Release|Any CPU.ActiveCfg = Release|Any CPU
		{58BE3847-BC52-4F87-A63B-659E8D05EEA7}.Release|Any CPU.Build.0 = Release|Any CPU
		{1A51FCD8-6756-47FA-9730-4B4A6A848C37}.Debug|Any CPU.ActiveCfg = Debug|Any CPU
		{1A51FCD8-6756-47FA-9730-4B4A6A848C37}.Debug|Any CPU.Build.0 = Debug|Any CPU
		{1A51FCD8-6756-47FA-9730-4B4A6A848C37}.Release|Any CPU.ActiveCfg = Release|Any CPU
		{1A51FCD8-6756-47FA-9730-4B4A6A848C37}.Release|Any CPU.Build.0 = Release|Any CPU
		{21B13D8D-00D0-4FCA-9A52-A8D7D9C6128A}.Debug|Any CPU.ActiveCfg = Debug|Any CPU
		{21B13D8D-00D0-4FCA-9A52-A8D7D9C6128A}.Debug|Any CPU.Build.0 = Debug|Any CPU
		{21B13D8D-00D0-4FCA-9A52-A8D7D9C6128A}.Release|Any CPU.ActiveCfg = Release|Any CPU
		{21B13D8D-00D0-4FCA-9A52-A8D7D9C6128A}.Release|Any CPU.Build.0 = Release|Any CPU
		{7941C896-E454-4610-9F68-4B84CBB3BB25}.Debug|Any CPU.ActiveCfg = Debug|Any CPU
		{7941C896-E454-4610-9F68-4B84CBB3BB25}.Debug|Any CPU.Build.0 = Debug|Any CPU
		{7941C896-E454-4610-9F68-4B84CBB3BB25}.Release|Any CPU.ActiveCfg = Release|Any CPU
		{7941C896-E454-4610-9F68-4B84CBB3BB25}.Release|Any CPU.Build.0 = Release|Any CPU
	EndGlobalSection
	GlobalSection(SolutionProperties) = preSolution
		HideSolutionNode = FALSE
	EndGlobalSection
	GlobalSection(ExtensibilityGlobals) = postSolution
		SolutionGuid = {59BB2CA5-4D44-4D92-87CF-CD35E6069B6F}
	EndGlobalSection
EndGlobal
